%{"bunt": {:hex, :bunt, "0.2.0", "951c6e801e8b1d2cbe58ebbd3e616a869061ddadcc4863d0a2182541acae9a38", [:mix], []},
  "credo": {:hex, :credo, "0.7.4", "0c33bcce4d574ce6df163cbc7d1ecb22de65713184355bd3be81cc4ab0ecaafa", [:mix], [{:bunt, "~> 0.2.0", [hex: :bunt, optional: false]}]},
  "exprintf": {:hex, :exprintf, "0.2.1", "b7e895dfb00520cfb7fc1671303b63b37dc3897c59be7cbf1ae62f766a8a0314", [:mix], []},
  "matrix": {:hex, :matrix, "0.3.2", "9c826bc3a1117bf5e1c5cdcf3a3d95456c93bc2e127a04e363e9fc90b724f784", [:mix], [{:exprintf, "~> 0.1", [hex: :exprintf, optional: false]}]},
  "plug": {:hex, :plug, "1.1.9", "72218867c4d0ba6766ed0e6b1e38e9829784cfe7a82333283711eeb52473e8bc", [:mix], [{:cowboy, "~> 1.0", [hex: :cowboy, optional: true]}]}}
